
Microsoft Visual Studio Solution File, Format Version 12.00
# Visual Studio Version 17
VisualStudioVersion = 17.4.33205.214
MinimumVisualStudioVersion = 10.0.40219.1
Project("{FAE04EC0-301F-11D3-BF4B-00C04F79EFBC}") = "BlenderArmyKnife", "BlenderArmyKnife\BlenderArmyKnife.csproj", "{D9844065-D6E8-44C4-A62F-EA2A44CBEFFE}"
EndProject
Global
	GlobalSection(SolutionConfigurationPlatforms) = preSolution
		Debug|Any CPU = Debug|Any CPU
		Release|Any CPU = Release|Any CPU
	EndGlobalSection
	GlobalSection(ProjectConfigurationPlatforms) = postSolution
		{D9844065-D6E8-44C4-A62F-EA2A44CBEFFE}.Debug|Any CPU.ActiveCfg = Debug|Any CPU
		{D9844065-D6E8-44C4-A62F-EA2A44CBEFFE}.Debug|Any CPU.Build.0 = Debug|Any CPU
		{D9844065-D6E8-44C4-A62F-EA2A44CBEFFE}.Release|Any CPU.ActiveCfg = Release|Any CPU
		{D9844065-D6E8-44C4-A62F-EA2A44CBEFFE}.Release|Any CPU.Build.0 = Release|Any CPU
	EndGlobalSection
	GlobalSection(SolutionProperties) = preSolution
		HideSolutionNode = FALSE
	EndGlobalSection
	GlobalSection(ExtensibilityGlobals) = postSolution
		SolutionGuid = {0E631E31-0648-4E00-BA66-E919F3A90521}
	EndGlobalSection
EndGlobal
