
Microsoft Visual Studio Solution File, Format Version 12.00
# Visual Studio Version 17
VisualStudioVersion = 17.4.33205.214
MinimumVisualStudioVersion = 10.0.40219.1
Project("{FAE04EC0-301F-11D3-BF4B-00C04F79EFBC}") = "BlenderArmyKnife", "BlenderArmyKnife\BlenderArmyKnife.csproj", "{A9E12671-54A5-4718-840D-4F58103A1016}"
EndProject
Global
	GlobalSection(SolutionConfigurationPlatforms) = preSolution
		Debug|Any CPU = Debug|Any CPU
		Release|Any CPU = Release|Any CPU
	EndGlobalSection
	GlobalSection(ProjectConfigurationPlatforms) = postSolution
		{A9E12671-54A5-4718-840D-4F58103A1016}.Debug|Any CPU.ActiveCfg = Debug|Any CPU
		{A9E12671-54A5-4718-840D-4F58103A1016}.Debug|Any CPU.Build.0 = Debug|Any CPU
		{A9E12671-54A5-4718-840D-4F58103A1016}.Release|Any CPU.ActiveCfg = Release|Any CPU
		{A9E12671-54A5-4718-840D-4F58103A1016}.Release|Any CPU.Build.0 = Release|Any CPU
	EndGlobalSection
	GlobalSection(SolutionProperties) = preSolution
		HideSolutionNode = FALSE
	EndGlobalSection
	GlobalSection(ExtensibilityGlobals) = postSolution
		SolutionGuid = {C430346E-CD9B-4151-805F-2CF7540323EA}
	EndGlobalSection
EndGlobal
